
Microsoft Visual Studio Solution File, Format Version 12.00
# Visual Studio Version 16
VisualStudioVersion = 16.0.30225.117
MinimumVisualStudioVersion = 10.0.40219.1
Project("{FAE04EC0-301F-11D3-BF4B-00C04F79EFBC}") = "ClassDemo", "ClassDemo\ClassDemo.csproj", "{5E4EB412-B48E-495E-BEF8-ED3CBCCAC636}"
EndProject
Project("{FAE04EC0-301F-11D3-BF4B-00C04F79EFBC}") = "ProfessionalCSharp", "ProfessionalCSharp\ProfessionalCSharp.csproj", "{1D25B950-9E63-4B94-B594-8CFEB72A401B}"
EndProject
Project("{FAE04EC0-301F-11D3-BF4B-00C04F79EFBC}") = "ProNotes", "ProNotes\ProNotes.csproj", "{337B516A-E15A-40F9-BB23-F757A94C54CF}"
EndProject
Global
	GlobalSection(SolutionConfigurationPlatforms) = preSolution
		Debug|Any CPU = Debug|Any CPU
		Release|Any CPU = Release|Any CPU
	EndGlobalSection
	GlobalSection(ProjectConfigurationPlatforms) = postSolution
		{5E4EB412-B48E-495E-BEF8-ED3CBCCAC636}.Debug|Any CPU.ActiveCfg = Debug|Any CPU
		{5E4EB412-B48E-495E-BEF8-ED3CBCCAC636}.Debug|Any CPU.Build.0 = Debug|Any CPU
		{5E4EB412-B48E-495E-BEF8-ED3CBCCAC636}.Release|Any CPU.ActiveCfg = Release|Any CPU
		{5E4EB412-B48E-495E-BEF8-ED3CBCCAC636}.Release|Any CPU.Build.0 = Release|Any CPU
		{1D25B950-9E63-4B94-B594-8CFEB72A401B}.Debug|Any CPU.ActiveCfg = Debug|Any CPU
		{1D25B950-9E63-4B94-B594-8CFEB72A401B}.Debug|Any CPU.Build.0 = Debug|Any CPU
		{1D25B950-9E63-4B94-B594-8CFEB72A401B}.Release|Any CPU.ActiveCfg = Release|Any CPU
		{1D25B950-9E63-4B94-B594-8CFEB72A401B}.Release|Any CPU.Build.0 = Release|Any CPU
		{337B516A-E15A-40F9-BB23-F757A94C54CF}.Debug|Any CPU.ActiveCfg = Debug|Any CPU
		{337B516A-E15A-40F9-BB23-F757A94C54CF}.Debug|Any CPU.Build.0 = Debug|Any CPU
		{337B516A-E15A-40F9-BB23-F757A94C54CF}.Release|Any CPU.ActiveCfg = Release|Any CPU
		{337B516A-E15A-40F9-BB23-F757A94C54CF}.Release|Any CPU.Build.0 = Release|Any CPU
	EndGlobalSection
	GlobalSection(SolutionProperties) = preSolution
		HideSolutionNode = FALSE
	EndGlobalSection
	GlobalSection(ExtensibilityGlobals) = postSolution
		SolutionGuid = {CA6D386A-15CA-4308-A1AC-F834F0F216F5}
	EndGlobalSection
EndGlobal
